
Microsoft Visual Studio Solution File, Format Version 12.00
# Visual Studio Version 16
VisualStudioVersion = 16.0.29306.81
MinimumVisualStudioVersion = 10.0.40219.1
Project("{FAE04EC0-301F-11D3-BF4B-00C04F79EFBC}") = "ObservableCollectionWithRange", "ObservableCollectionWithRange\ObservableCollectionWithRange.csproj", "{C321252A-DDAD-4979-A6A8-1DC007DD9763}"
EndProject
Global
	GlobalSection(SolutionConfigurationPlatforms) = preSolution
		Debug|Any CPU = Debug|Any CPU
		Release|Any CPU = Release|Any CPU
	EndGlobalSection
	GlobalSection(ProjectConfigurationPlatforms) = postSolution
		{C321252A-DDAD-4979-A6A8-1DC007DD9763}.Debug|Any CPU.ActiveCfg = Debug|Any CPU
		{C321252A-DDAD-4979-A6A8-1DC007DD9763}.Debug|Any CPU.Build.0 = Debug|Any CPU
		{C321252A-DDAD-4979-A6A8-1DC007DD9763}.Release|Any CPU.ActiveCfg = Release|Any CPU
		{C321252A-DDAD-4979-A6A8-1DC007DD9763}.Release|Any CPU.Build.0 = Release|Any CPU
	EndGlobalSection
	GlobalSection(SolutionProperties) = preSolution
		HideSolutionNode = FALSE
	EndGlobalSection
	GlobalSection(ExtensibilityGlobals) = postSolution
		SolutionGuid = {9A70C461-B50A-49B4-92B7-26496C42CF49}
	EndGlobalSection
EndGlobal
